// !$*UTF8*$!
{
	archiveVersion = 1;
	classes = {
	};
	objectVersion = 77;
	objects = {

/* Begin PBXBuildFile section */
		148757402DB67FB200D8E3A1 /* AyoNavigationApp.swift in Sources */ = {isa = PBXBuildFile; fileRef = 1487573A2DB67FB200D8E3A1 /* AyoNavigationApp.swift */; };
		148757412DB67FB200D8E3A1 /* EagerViewInitView.swift in Sources */ = {isa = PBXBuildFile; fileRef = 1487573B2DB67FB200D8E3A1 /* EagerViewInitView.swift */; };
		148757422DB67FB200D8E3A1 /* NavigationDestinationView.swift in Sources */ = {isa = PBXBuildFile; fileRef = 1487573C2DB67FB200D8E3A1 /* NavigationDestinationView.swift */; };
		148757432DB67FB200D8E3A1 /* NavigationLinkView.swift in Sources */ = {isa = PBXBuildFile; fileRef = 1487573D2DB67FB200D8E3A1 /* NavigationLinkView.swift */; };
		148757442DB67FB200D8E3A1 /* NavigationPathView.swift in Sources */ = {isa = PBXBuildFile; fileRef = 1487573E2DB67FB200D8E3A1 /* NavigationPathView.swift */; };
		148757452DB67FB200D8E3A1 /* Preview Assets.xcassets in Resources */ = {isa = PBXBuildFile; fileRef = 148757372DB67FB200D8E3A1 /* Preview Assets.xcassets */; };
		148757462DB67FB200D8E3A1 /* Assets.xcassets in Resources */ = {isa = PBXBuildFile; fileRef = 148757392DB67FB200D8E3A1 /* Assets.xcassets */; };
		1487575B2DB69FCF00D8E3A1 /* AdvancedNavigationPathView.swift in Sources */ = {isa = PBXBuildFile; fileRef = 1487575A2DB69FCF00D8E3A1 /* AdvancedNavigationPathView.swift */; };
/* End PBXBuildFile section */

/* Begin PBXFileReference section */
		148757202DB66CE200D8E3A1 /* AyoNavigation.app */ = {isa = PBXFileReference; explicitFileType = wrapper.application; includeInIndex = 0; path = AyoNavigation.app; sourceTree = BUILT_PRODUCTS_DIR; };
		148757372DB67FB200D8E3A1 /* Preview Assets.xcassets */ = {isa = PBXFileReference; lastKnownFileType = folder.assetcatalog; path = "Preview Assets.xcassets"; sourceTree = "<group>"; };
		148757392DB67FB200D8E3A1 /* Assets.xcassets */ = {isa = PBXFileReference; lastKnownFileType = folder.assetcatalog; path = Assets.xcassets; sourceTree = "<group>"; };
		1487573A2DB67FB200D8E3A1 /* AyoNavigationApp.swift */ = {isa = PBXFileReference; lastKnownFileType = sourcecode.swift; path = AyoNavigationApp.swift; sourceTree = "<group>"; };
		1487573B2DB67FB200D8E3A1 /* EagerViewInitView.swift */ = {isa = PBXFileReference; lastKnownFileType = sourcecode.swift; path = EagerViewInitView.swift; sourceTree = "<group>"; };
		1487573C2DB67FB200D8E3A1 /* NavigationDestinationView.swift */ = {isa = PBXFileReference; lastKnownFileType = sourcecode.swift; path = NavigationDestinationView.swift; sourceTree = "<group>"; };
		1487573D2DB67FB200D8E3A1 /* NavigationLinkView.swift */ = {isa = PBXFileReference; lastKnownFileType = sourcecode.swift; path = NavigationLinkView.swift; sourceTree = "<group>"; };
		1487573E2DB67FB200D8E3A1 /* NavigationPathView.swift */ = {isa = PBXFileReference; lastKnownFileType = sourcecode.swift; path = NavigationPathView.swift; sourceTree = "<group>"; };
		1487575A2DB69FCF00D8E3A1 /* AdvancedNavigationPathView.swift */ = {isa = PBXFileReference; lastKnownFileType = sourcecode.swift; path = AdvancedNavigationPathView.swift; sourceTree = "<group>"; };
/* End PBXFileReference section */

/* Begin PBXFrameworksBuildPhase section */
		1487571D2DB66CE200D8E3A1 /* Frameworks */ = {
			isa = PBXFrameworksBuildPhase;
			buildActionMask = 2147483647;
			files = (
			);
			runOnlyForDeploymentPostprocessing = 0;
		};
/* End PBXFrameworksBuildPhase section */

/* Begin PBXGroup section */
		148757172DB66CE200D8E3A1 = {
			isa = PBXGroup;
			children = (
				1487573F2DB67FB200D8E3A1 /* AyoNavigation */,
				148757212DB66CE200D8E3A1 /* Products */,
			);
			sourceTree = "<group>";
		};
		148757212DB66CE200D8E3A1 /* Products */ = {
			isa = PBXGroup;
			children = (
				148757202DB66CE200D8E3A1 /* AyoNavigation.app */,
			);
			name = Products;
			sourceTree = "<group>";
		};
		148757382DB67FB200D8E3A1 /* Preview Content */ = {
			isa = PBXGroup;
			children = (
				148757372DB67FB200D8E3A1 /* Preview Assets.xcassets */,
			);
			path = "Preview Content";
			sourceTree = "<group>";
		};
		1487573F2DB67FB200D8E3A1 /* AyoNavigation */ = {
			isa = PBXGroup;
			children = (
				148757382DB67FB200D8E3A1 /* Preview Content */,
				148757392DB67FB200D8E3A1 /* Assets.xcassets */,
				1487573A2DB67FB200D8E3A1 /* AyoNavigationApp.swift */,
				1487573D2DB67FB200D8E3A1 /* NavigationLinkView.swift */,
				1487573B2DB67FB200D8E3A1 /* EagerViewInitView.swift */,
				1487573C2DB67FB200D8E3A1 /* NavigationDestinationView.swift */,
				1487573E2DB67FB200D8E3A1 /* NavigationPathView.swift */,
				1487575A2DB69FCF00D8E3A1 /* AdvancedNavigationPathView.swift */,
			);
			path = AyoNavigation;
			sourceTree = "<group>";
		};
/* End PBXGroup section */

/* Begin PBXNativeTarget section */
		1487571F2DB66CE200D8E3A1 /* AyoNavigation */ = {
			isa = PBXNativeTarget;
			buildConfigurationList = 1487572E2DB66CE300D8E3A1 /* Build configuration list for PBXNativeTarget "AyoNavigation" */;
			buildPhases = (
				1487571C2DB66CE200D8E3A1 /* Sources */,
				1487571D2DB66CE200D8E3A1 /* Frameworks */,
				1487571E2DB66CE200D8E3A1 /* Resources */,
			);
			buildRules = (
			);
			dependencies = (
			);
			name = AyoNavigation;
			packageProductDependencies = (
			);
			productName = AyoNavigation;
			productReference = 148757202DB66CE200D8E3A1 /* AyoNavigation.app */;
			productType = "com.apple.product-type.application";
		};
/* End PBXNativeTarget section */

/* Begin PBXProject section */
		148757182DB66CE200D8E3A1 /* Project object */ = {
			isa = PBXProject;
			attributes = {
				BuildIndependentTargetsInParallel = 1;
				LastSwiftUpdateCheck = 1620;
				LastUpgradeCheck = 1620;
				TargetAttributes = {
					1487571F2DB66CE200D8E3A1 = {
						CreatedOnToolsVersion = 16.2;
					};
				};
			};
			buildConfigurationList = 1487571B2DB66CE200D8E3A1 /* Build configuration list for PBXProject "AyoNavigation" */;
			developmentRegion = en;
			hasScannedForEncodings = 0;
			knownRegions = (
				en,
				Base,
			);
			mainGroup = 148757172DB66CE200D8E3A1;
			minimizedProjectReferenceProxies = 1;
			preferredProjectObjectVersion = 77;
			productRefGroup = 148757212DB66CE200D8E3A1 /* Products */;
			projectDirPath = "";
			projectRoot = "";
			targets = (
				1487571F2DB66CE200D8E3A1 /* AyoNavigation */,
			);
		};
/* End PBXProject section */

/* Begin PBXResourcesBuildPhase section */
		1487571E2DB66CE200D8E3A1 /* Resources */ = {
			isa = PBXResourcesBuildPhase;
			buildActionMask = 2147483647;
			files = (
				148757452DB67FB200D8E3A1 /* Preview Assets.xcassets in Resources */,
				148757462DB67FB200D8E3A1 /* Assets.xcassets in Resources */,
			);
			runOnlyForDeploymentPostprocessing = 0;
		};
/* End PBXResourcesBuildPhase section */

/* Begin PBXSourcesBuildPhase section */
		1487571C2DB66CE200D8E3A1 /* Sources */ = {
			isa = PBXSourcesBuildPhase;
			buildActionMask = 2147483647;
			files = (
				1487575B2DB69FCF00D8E3A1 /* AdvancedNavigationPathView.swift in Sources */,
				148757402DB67FB200D8E3A1 /* AyoNavigationApp.swift in Sources */,
				148757412DB67FB200D8E3A1 /* EagerViewInitView.swift in Sources */,
				148757422DB67FB200D8E3A1 /* NavigationDestinationView.swift in Sources */,
				148757432DB67FB200D8E3A1 /* NavigationLinkView.swift in Sources */,
				148757442DB67FB200D8E3A1 /* NavigationPathView.swift in Sources */,
			);
			runOnlyForDeploymentPostprocessing = 0;
		};
/* End PBXSourcesBuildPhase section */

/* Begin XCBuildConfiguration section */
		1487572C2DB66CE300D8E3A1 /* Debug */ = {
			isa = XCBuildConfiguration;
			buildSettings = {
				ALWAYS_SEARCH_USER_PATHS = NO;
				ASSETCATALOG_COMPILER_GENERATE_SWIFT_ASSET_SYMBOL_EXTENSIONS = YES;
				CLANG_ANALYZER_NONNULL = YES;
				CLANG_ANALYZER_NUMBER_OBJECT_CONVERSION = YES_AGGRESSIVE;
				CLANG_CXX_LANGUAGE_STANDARD = "gnu++20";
				CLANG_ENABLE_MODULES = YES;
				CLANG_ENABLE_OBJC_ARC = YES;
				CLANG_ENABLE_OBJC_WEAK = YES;
				CLANG_WARN_BLOCK_CAPTURE_AUTORELEASING = YES;
				CLANG_WARN_BOOL_CONVERSION = YES;
				CLANG_WARN_COMMA = YES;
				CLANG_WARN_CONSTANT_CONVERSION = YES;
				CLANG_WARN_DEPRECATED_OBJC_IMPLEMENTATIONS = YES;
				CLANG_WARN_DIRECT_OBJC_ISA_USAGE = YES_ERROR;
				CLANG_WARN_DOCUMENTATION_COMMENTS = YES;
				CLANG_WARN_EMPTY_BODY = YES;
				CLANG_WARN_ENUM_CONVERSION = YES;
				CLANG_WARN_INFINITE_RECURSION = YES;
				CLANG_WARN_INT_CONVERSION = YES;
				CLANG_WARN_NON_LITERAL_NULL_CONVERSION = YES;
				CLANG_WARN_OBJC_IMPLICIT_RETAIN_SELF = YES;
				CLANG_WARN_OBJC_LITERAL_CONVERSION = YES;
				CLANG_WARN_OBJC_ROOT_CLASS = YES_ERROR;
				CLANG_WARN_QUOTED_INCLUDE_IN_FRAMEWORK_HEADER = YES;
				CLANG_WARN_RANGE_LOOP_ANALYSIS = YES;
				CLANG_WARN_STRICT_PROTOTYPES = YES;
				CLANG_WARN_SUSPICIOUS_MOVE = YES;
				CLANG_WARN_UNGUARDED_AVAILABILITY = YES_AGGRESSIVE;
				CLANG_WARN_UNREACHABLE_CODE = YES;
				CLANG_WARN__DUPLICATE_METHOD_MATCH = YES;
				COPY_PHASE_STRIP = NO;
				DEBUG_INFORMATION_FORMAT = dwarf;
				ENABLE_STRICT_OBJC_MSGSEND = YES;
				ENABLE_TESTABILITY = YES;
				ENABLE_USER_SCRIPT_SANDBOXING = YES;
				GCC_C_LANGUAGE_STANDARD = gnu17;
				GCC_DYNAMIC_NO_PIC = NO;
				GCC_NO_COMMON_BLOCKS = YES;
				GCC_OPTIMIZATION_LEVEL = 0;
				GCC_PREPROCESSOR_DEFINITIONS = (
					"DEBUG=1",
					"$(inherited)",
				);
				GCC_WARN_64_TO_32_BIT_CONVERSION = YES;
				GCC_WARN_ABOUT_RETURN_TYPE = YES_ERROR;
				GCC_WARN_UNDECLARED_SELECTOR = YES;
				GCC_WARN_UNINITIALIZED_AUTOS = YES_AGGRESSIVE;
				GCC_WARN_UNUSED_FUNCTION = YES;
				GCC_WARN_UNUSED_VARIABLE = YES;
				IPHONEOS_DEPLOYMENT_TARGET = 18.2;
				LOCALIZATION_PREFERS_STRING_CATALOGS = YES;
				MTL_ENABLE_DEBUG_INFO = INCLUDE_SOURCE;
				MTL_FAST_MATH = YES;
				ONLY_ACTIVE_ARCH = YES;
				SDKROOT = iphoneos;
				SWIFT_ACTIVE_COMPILATION_CONDITIONS = "DEBUG $(inherited)";
				SWIFT_OPTIMIZATION_LEVEL = "-Onone";
			};
			name = Debug;
		};
		1487572D2DB66CE300D8E3A1 /* Release */ = {
			isa = XCBuildConfiguration;
			buildSettings = {
				ALWAYS_SEARCH_USER_PATHS = NO;
				ASSETCATALOG_COMPILER_GENERATE_SWIFT_ASSET_SYMBOL_EXTENSIONS = YES;
				CLANG_ANALYZER_NONNULL = YES;
				CLANG_ANALYZER_NUMBER_OBJECT_CONVERSION = YES_AGGRESSIVE;
				CLANG_CXX_LANGUAGE_STANDARD = "gnu++20";
				CLANG_ENABLE_MODULES = YES;
				CLANG_ENABLE_OBJC_ARC = YES;
				CLANG_ENABLE_OBJC_WEAK = YES;
				CLANG_WARN_BLOCK_CAPTURE_AUTORELEASING = YES;
				CLANG_WARN_BOOL_CONVERSION = YES;
				CLANG_WARN_COMMA = YES;
				CLANG_WARN_CONSTANT_CONVERSION = YES;
				CLANG_WARN_DEPRECATED_OBJC_IMPLEMENTATIONS = YES;
				CLANG_WARN_DIRECT_OBJC_ISA_USAGE = YES_ERROR;
				CLANG_WARN_DOCUMENTATION_COMMENTS = YES;
				CLANG_WARN_EMPTY_BODY = YES;
				CLANG_WARN_ENUM_CONVERSION = YES;
				CLANG_WARN_INFINITE_RECURSION = YES;
				CLANG_WARN_INT_CONVERSION = YES;
				CLANG_WARN_NON_LITERAL_NULL_CONVERSION = YES;
				CLANG_WARN_OBJC_IMPLICIT_RETAIN_SELF = YES;
				CLANG_WARN_OBJC_LITERAL_CONVERSION = YES;
				CLANG_WARN_OBJC_ROOT_CLASS = YES_ERROR;
				CLANG_WARN_QUOTED_INCLUDE_IN_FRAMEWORK_HEADER = YES;
				CLANG_WARN_RANGE_LOOP_ANALYSIS = YES;
				CLANG_WARN_STRICT_PROTOTYPES = YES;
				CLANG_WARN_SUSPICIOUS_MOVE = YES;
				CLANG_WARN_UNGUARDED_AVAILABILITY = YES_AGGRESSIVE;
				CLANG_WARN_UNREACHABLE_CODE = YES;
				CLANG_WARN__DUPLICATE_METHOD_MATCH = YES;
				COPY_PHASE_STRIP = NO;
				DEBUG_INFORMATION_FORMAT = "dwarf-with-dsym";
				ENABLE_NS_ASSERTIONS = NO;
				ENABLE_STRICT_OBJC_MSGSEND = YES;
				ENABLE_USER_SCRIPT_SANDBOXING = YES;
				GCC_C_LANGUAGE_STANDARD = gnu17;
				GCC_NO_COMMON_BLOCKS = YES;
				GCC_WARN_64_TO_32_BIT_CONVERSION = YES;
				GCC_WARN_ABOUT_RETURN_TYPE = YES_ERROR;
				GCC_WARN_UNDECLARED_SELECTOR = YES;
				GCC_WARN_UNINITIALIZED_AUTOS = YES_AGGRESSIVE;
				GCC_WARN_UNUSED_FUNCTION = YES;
				GCC_WARN_UNUSED_VARIABLE = YES;
				IPHONEOS_DEPLOYMENT_TARGET = 18.2;
				LOCALIZATION_PREFERS_STRING_CATALOGS = YES;
				MTL_ENABLE_DEBUG_INFO = NO;
				MTL_FAST_MATH = YES;
				SDKROOT = iphoneos;
				SWIFT_COMPILATION_MODE = wholemodule;
				VALIDATE_PRODUCT = YES;
			};
			name = Release;
		};
		1487572F2DB66CE300D8E3A1 /* Debug */ = {
			isa = XCBuildConfiguration;
			buildSettings = {
				ASSETCATALOG_COMPILER_APPICON_NAME = AppIcon;
				ASSETCATALOG_COMPILER_GLOBAL_ACCENT_COLOR_NAME = AccentColor;
				CODE_SIGN_STYLE = Automatic;
				CURRENT_PROJECT_VERSION = 1;
				DEVELOPMENT_ASSET_PATHS = "\"AyoNavigation/Preview Content\"";
				DEVELOPMENT_TEAM = 4FCV7BL65G;
				ENABLE_PREVIEWS = YES;
				GENERATE_INFOPLIST_FILE = YES;
				INFOPLIST_KEY_UIApplicationSceneManifest_Generation = YES;
				INFOPLIST_KEY_UIApplicationSupportsIndirectInputEvents = YES;
				INFOPLIST_KEY_UILaunchScreen_Generation = YES;
				INFOPLIST_KEY_UISupportedInterfaceOrientations_iPad = "UIInterfaceOrientationPortrait UIInterfaceOrientationPortraitUpsideDown UIInterfaceOrientationLandscapeLeft UIInterfaceOrientationLandscapeRight";
				INFOPLIST_KEY_UISupportedInterfaceOrientations_iPhone = "UIInterfaceOrientationPortrait UIInterfaceOrientationLandscapeLeft UIInterfaceOrientationLandscapeRight";
				LD_RUNPATH_SEARCH_PATHS = (
					"$(inherited)",
					"@executable_path/Frameworks",
				);
				MARKETING_VERSION = 1.0;
				PRODUCT_BUNDLE_IDENTIFIER = com.wade.AyoNavigation;
				PRODUCT_NAME = "$(TARGET_NAME)";
				SWIFT_EMIT_LOC_STRINGS = YES;
				SWIFT_VERSION = 5.0;
				TARGETED_DEVICE_FAMILY = "1,2";
			};
			name = Debug;
		};
		148757302DB66CE300D8E3A1 /* Release */ = {
			isa = XCBuildConfiguration;
			buildSettings = {
				ASSETCATALOG_COMPILER_APPICON_NAME = AppIcon;
				ASSETCATALOG_COMPILER_GLOBAL_ACCENT_COLOR_NAME = AccentColor;
				CODE_SIGN_STYLE = Automatic;
				CURRENT_PROJECT_VERSION = 1;
				DEVELOPMENT_ASSET_PATHS = "\"AyoNavigation/Preview Content\"";
				DEVELOPMENT_TEAM = 4FCV7BL65G;
				ENABLE_PREVIEWS = YES;
				GENERATE_INFOPLIST_FILE = YES;
				INFOPLIST_KEY_UIApplicationSceneManifest_Generation = YES;
				INFOPLIST_KEY_UIApplicationSupportsIndirectInputEvents = YES;
				INFOPLIST_KEY_UILaunchScreen_Generation = YES;
				INFOPLIST_KEY_UISupportedInterfaceOrientations_iPad = "UIInterfaceOrientationPortrait UIInterfaceOrientationPortraitUpsideDown UIInterfaceOrientationLandscapeLeft UIInterfaceOrientationLandscapeRight";
				INFOPLIST_KEY_UISupportedInterfaceOrientations_iPhone = "UIInterfaceOrientationPortrait UIInterfaceOrientationLandscapeLeft UIInterfaceOrientationLandscapeRight";
				LD_RUNPATH_SEARCH_PATHS = (
					"$(inherited)",
					"@executable_path/Frameworks",
				);
				MARKETING_VERSION = 1.0;
				PRODUCT_BUNDLE_IDENTIFIER = com.wade.AyoNavigation;
				PRODUCT_NAME = "$(TARGET_NAME)";
				SWIFT_EMIT_LOC_STRINGS = YES;
				SWIFT_VERSION = 5.0;
				TARGETED_DEVICE_FAMILY = "1,2";
			};
			name = Release;
		};
/* End XCBuildConfiguration section */

/* Begin XCConfigurationList section */
		1487571B2DB66CE200D8E3A1 /* Build configuration list for PBXProject "AyoNavigation" */ = {
			isa = XCConfigurationList;
			buildConfigurations = (
				1487572C2DB66CE300D8E3A1 /* Debug */,
				1487572D2DB66CE300D8E3A1 /* Release */,
			);
			defaultConfigurationIsVisible = 0;
			defaultConfigurationName = Release;
		};
		1487572E2DB66CE300D8E3A1 /* Build configuration list for PBXNativeTarget "AyoNavigation" */ = {
			isa = XCConfigurationList;
			buildConfigurations = (
				1487572F2DB66CE300D8E3A1 /* Debug */,
				148757302DB66CE300D8E3A1 /* Release */,
			);
			defaultConfigurationIsVisible = 0;
			defaultConfigurationName = Release;
		};
/* End XCConfigurationList section */
	};
	rootObject = 148757182DB66CE200D8E3A1 /* Project object */;
}
